
Microsoft Visual Studio Solution File, Format Version 12.00
# Visual Studio 15
VisualStudioVersion = 15.0.28307.1062
MinimumVisualStudioVersion = 10.0.40219.1
Project("{FAE04EC0-301F-11D3-BF4B-00C04F79EFBC}") = "SalesWebMvc", "SalesWebMvc\SalesWebMvc.csproj", "{C01F8B33-ADEE-4598-AC96-F542C529E1A8}"
EndProject
Global
	GlobalSection(SolutionConfigurationPlatforms) = preSolution
		Debug|Any CPU = Debug|Any CPU
		Release|Any CPU = Release|Any CPU
	EndGlobalSection
	GlobalSection(ProjectConfigurationPlatforms) = postSolution
		{C01F8B33-ADEE-4598-AC96-F542C529E1A8}.Debug|Any CPU.ActiveCfg = Debug|Any CPU
		{C01F8B33-ADEE-4598-AC96-F542C529E1A8}.Debug|Any CPU.Build.0 = Debug|Any CPU
		{C01F8B33-ADEE-4598-AC96-F542C529E1A8}.Release|Any CPU.ActiveCfg = Release|Any CPU
		{C01F8B33-ADEE-4598-AC96-F542C529E1A8}.Release|Any CPU.Build.0 = Release|Any CPU
	EndGlobalSection
	GlobalSection(SolutionProperties) = preSolution
		HideSolutionNode = FALSE
	EndGlobalSection
	GlobalSection(ExtensibilityGlobals) = postSolution
		SolutionGuid = {5E2A2D9E-B36B-40FA-97C6-1C1A1F19081F}
	EndGlobalSection
EndGlobal
